// !$*UTF8*$!
{
	archiveVersion = 1;
	classes = {
	};
	objectVersion = 46;
	objects = {

/* Begin PBXBuildFile section */
		7A3014EF1C765FCF0007E32A /* AppDelegate.swift in Sources */ = {isa = PBXBuildFile; fileRef = 7A3014EE1C765FCF0007E32A /* AppDelegate.swift */; };
		7A3014F11C765FCF0007E32A /* ViewController.swift in Sources */ = {isa = PBXBuildFile; fileRef = 7A3014F01C765FCF0007E32A /* ViewController.swift */; };
		7A3014F41C765FCF0007E32A /* Main.storyboard in Resources */ = {isa = PBXBuildFile; fileRef = 7A3014F21C765FCF0007E32A /* Main.storyboard */; };
		7A3014F61C765FCF0007E32A /* Assets.xcassets in Resources */ = {isa = PBXBuildFile; fileRef = 7A3014F51C765FCF0007E32A /* Assets.xcassets */; };
		7A3014F91C765FCF0007E32A /* LaunchScreen.storyboard in Resources */ = {isa = PBXBuildFile; fileRef = 7A3014F71C765FCF0007E32A /* LaunchScreen.storyboard */; };
		7A3015041C765FCF0007E32A /* MusicVideoTests.swift in Sources */ = {isa = PBXBuildFile; fileRef = 7A3015031C765FCF0007E32A /* MusicVideoTests.swift */; };
		7A30150F1C765FCF0007E32A /* MusicVideoUITests.swift in Sources */ = {isa = PBXBuildFile; fileRef = 7A30150E1C765FCF0007E32A /* MusicVideoUITests.swift */; };
		7A551B941C879F7800F9BD1C /* Constants.swift in Sources */ = {isa = PBXBuildFile; fileRef = 7A551B931C879F7800F9BD1C /* Constants.swift */; };
		7A551B961C87A13600F9BD1C /* MusicVideo.swift in Sources */ = {isa = PBXBuildFile; fileRef = 7A551B951C87A13600F9BD1C /* MusicVideo.swift */; };
		7A70B0A21C8777C60091CD8D /* APIManager.swift in Sources */ = {isa = PBXBuildFile; fileRef = 7A70B0A11C8777C60091CD8D /* APIManager.swift */; };
/* End PBXBuildFile section */

/* Begin PBXContainerItemProxy section */
		7A3015001C765FCF0007E32A /* PBXContainerItemProxy */ = {
			isa = PBXContainerItemProxy;
			containerPortal = 7A3014E31C765FCF0007E32A /* Project object */;
			proxyType = 1;
			remoteGlobalIDString = 7A3014EA1C765FCF0007E32A;
			remoteInfo = MusicVideo;
		};
		7A30150B1C765FCF0007E32A /* PBXContainerItemProxy */ = {
			isa = PBXContainerItemProxy;
			containerPortal = 7A3014E31C765FCF0007E32A /* Project object */;
			proxyType = 1;
			remoteGlobalIDString = 7A3014EA1C765FCF0007E32A;
			remoteInfo = MusicVideo;
		};
/* End PBXContainerItemProxy section */

/* Begin PBXFileReference section */
		7A3014EB1C765FCF0007E32A /* MusicVideo.app */ = {isa = PBXFileReference; explicitFileType = wrapper.application; includeInIndex = 0; path = MusicVideo.app; sourceTree = BUILT_PRODUCTS_DIR; };
		7A3014EE1C765FCF0007E32A /* AppDelegate.swift */ = {isa = PBXFileReference; lastKnownFileType = sourcecode.swift; path = AppDelegate.swift; sourceTree = "<group>"; };
		7A3014F01C765FCF0007E32A /* ViewController.swift */ = {isa = PBXFileReference; lastKnownFileType = sourcecode.swift; path = ViewController.swift; sourceTree = "<group>"; };
		7A3014F31C765FCF0007E32A /* Base */ = {isa = PBXFileReference; lastKnownFileType = file.storyboard; name = Base; path = Base.lproj/Main.storyboard; sourceTree = "<group>"; };
		7A3014F51C765FCF0007E32A /* Assets.xcassets */ = {isa = PBXFileReference; lastKnownFileType = folder.assetcatalog; path = Assets.xcassets; sourceTree = "<group>"; };
		7A3014F81C765FCF0007E32A /* Base */ = {isa = PBXFileReference; lastKnownFileType = file.storyboard; name = Base; path = Base.lproj/LaunchScreen.storyboard; sourceTree = "<group>"; };
		7A3014FA1C765FCF0007E32A /* Info.plist */ = {isa = PBXFileReference; lastKnownFileType = text.plist.xml; path = Info.plist; sourceTree = "<group>"; };
		7A3014FF1C765FCF0007E32A /* MusicVideoTests.xctest */ = {isa = PBXFileReference; explicitFileType = wrapper.cfbundle; includeInIndex = 0; path = MusicVideoTests.xctest; sourceTree = BUILT_PRODUCTS_DIR; };
		7A3015031C765FCF0007E32A /* MusicVideoTests.swift */ = {isa = PBXFileReference; lastKnownFileType = sourcecode.swift; path = MusicVideoTests.swift; sourceTree = "<group>"; };
		7A3015051C765FCF0007E32A /* Info.plist */ = {isa = PBXFileReference; lastKnownFileType = text.plist.xml; path = Info.plist; sourceTree = "<group>"; };
		7A30150A1C765FCF0007E32A /* MusicVideoUITests.xctest */ = {isa = PBXFileReference; explicitFileType = wrapper.cfbundle; includeInIndex = 0; path = MusicVideoUITests.xctest; sourceTree = BUILT_PRODUCTS_DIR; };
		7A30150E1C765FCF0007E32A /* MusicVideoUITests.swift */ = {isa = PBXFileReference; lastKnownFileType = sourcecode.swift; path = MusicVideoUITests.swift; sourceTree = "<group>"; };
		7A3015101C765FCF0007E32A /* Info.plist */ = {isa = PBXFileReference; lastKnownFileType = text.plist.xml; path = Info.plist; sourceTree = "<group>"; };
		7A551B931C879F7800F9BD1C /* Constants.swift */ = {isa = PBXFileReference; fileEncoding = 4; lastKnownFileType = sourcecode.swift; path = Constants.swift; sourceTree = "<group>"; };
		7A551B951C87A13600F9BD1C /* MusicVideo.swift */ = {isa = PBXFileReference; fileEncoding = 4; lastKnownFileType = sourcecode.swift; path = MusicVideo.swift; sourceTree = "<group>"; };
		7A70B0A11C8777C60091CD8D /* APIManager.swift */ = {isa = PBXFileReference; fileEncoding = 4; lastKnownFileType = sourcecode.swift; path = APIManager.swift; sourceTree = "<group>"; };
/* End PBXFileReference section */

/* Begin PBXFrameworksBuildPhase section */
		7A3014E81C765FCF0007E32A /* Frameworks */ = {
			isa = PBXFrameworksBuildPhase;
			buildActionMask = 2147483647;
			files = (
			);
			runOnlyForDeploymentPostprocessing = 0;
		};
		7A3014FC1C765FCF0007E32A /* Frameworks */ = {
			isa = PBXFrameworksBuildPhase;
			buildActionMask = 2147483647;
			files = (
			);
			runOnlyForDeploymentPostprocessing = 0;
		};
		7A3015071C765FCF0007E32A /* Frameworks */ = {
			isa = PBXFrameworksBuildPhase;
			buildActionMask = 2147483647;
			files = (
			);
			runOnlyForDeploymentPostprocessing = 0;
		};
/* End PBXFrameworksBuildPhase section */

/* Begin PBXGroup section */
		7A3014E21C765FCF0007E32A = {
			isa = PBXGroup;
			children = (
				7A3014ED1C765FCF0007E32A /* MusicVideo */,
				7A3015021C765FCF0007E32A /* MusicVideoTests */,
				7A30150D1C765FCF0007E32A /* MusicVideoUITests */,
				7A3014EC1C765FCF0007E32A /* Products */,
			);
			sourceTree = "<group>";
		};
		7A3014EC1C765FCF0007E32A /* Products */ = {
			isa = PBXGroup;
			children = (
				7A3014EB1C765FCF0007E32A /* MusicVideo.app */,
				7A3014FF1C765FCF0007E32A /* MusicVideoTests.xctest */,
				7A30150A1C765FCF0007E32A /* MusicVideoUITests.xctest */,
			);
			name = Products;
			sourceTree = "<group>";
		};
		7A3014ED1C765FCF0007E32A /* MusicVideo */ = {
			isa = PBXGroup;
			children = (
				7A551B921C879F1900F9BD1C /* Utils */,
				7A30151F1C7666BF0007E32A /* Supporting Files */,
				7A30151C1C7666850007E32A /* Model */,
				7A30151D1C7666970007E32A /* Controller */,
				7A30151E1C7666A40007E32A /* View */,
			);
			path = MusicVideo;
			sourceTree = "<group>";
		};
		7A3015021C765FCF0007E32A /* MusicVideoTests */ = {
			isa = PBXGroup;
			children = (
				7A3015031C765FCF0007E32A /* MusicVideoTests.swift */,
				7A3015051C765FCF0007E32A /* Info.plist */,
			);
			path = MusicVideoTests;
			sourceTree = "<group>";
		};
		7A30150D1C765FCF0007E32A /* MusicVideoUITests */ = {
			isa = PBXGroup;
			children = (
				7A30150E1C765FCF0007E32A /* MusicVideoUITests.swift */,
				7A3015101C765FCF0007E32A /* Info.plist */,
			);
			path = MusicVideoUITests;
			sourceTree = "<group>";
		};
		7A30151C1C7666850007E32A /* Model */ = {
			isa = PBXGroup;
			children = (
				7A551B951C87A13600F9BD1C /* MusicVideo.swift */,
				7A70B0A11C8777C60091CD8D /* APIManager.swift */,
			);
			name = Model;
			sourceTree = "<group>";
		};
		7A30151D1C7666970007E32A /* Controller */ = {
			isa = PBXGroup;
			children = (
				7A3014F01C765FCF0007E32A /* ViewController.swift */,
			);
			name = Controller;
			sourceTree = "<group>";
		};
		7A30151E1C7666A40007E32A /* View */ = {
			isa = PBXGroup;
			children = (
				7A3014F71C765FCF0007E32A /* LaunchScreen.storyboard */,
				7A3014F21C765FCF0007E32A /* Main.storyboard */,
			);
			name = View;
			sourceTree = "<group>";
		};
		7A30151F1C7666BF0007E32A /* Supporting Files */ = {
			isa = PBXGroup;
			children = (
				7A3014FA1C765FCF0007E32A /* Info.plist */,
				7A3014F51C765FCF0007E32A /* Assets.xcassets */,
				7A3014EE1C765FCF0007E32A /* AppDelegate.swift */,
			);
			name = "Supporting Files";
			sourceTree = "<group>";
		};
		7A551B921C879F1900F9BD1C /* Utils */ = {
			isa = PBXGroup;
			children = (
				7A551B931C879F7800F9BD1C /* Constants.swift */,
			);
			name = Utils;
			sourceTree = "<group>";
		};
/* End PBXGroup section */

/* Begin PBXNativeTarget section */
		7A3014EA1C765FCF0007E32A /* MusicVideo */ = {
			isa = PBXNativeTarget;
			buildConfigurationList = 7A3015131C765FCF0007E32A /* Build configuration list for PBXNativeTarget "MusicVideo" */;
			buildPhases = (
				7A3014E71C765FCF0007E32A /* Sources */,
				7A3014E81C765FCF0007E32A /* Frameworks */,
				7A3014E91C765FCF0007E32A /* Resources */,
			);
			buildRules = (
			);
			dependencies = (
			);
			name = MusicVideo;
			productName = MusicVideo;
			productReference = 7A3014EB1C765FCF0007E32A /* MusicVideo.app */;
			productType = "com.apple.product-type.application";
		};
		7A3014FE1C765FCF0007E32A /* MusicVideoTests */ = {
			isa = PBXNativeTarget;
			buildConfigurationList = 7A3015161C765FCF0007E32A /* Build configuration list for PBXNativeTarget "MusicVideoTests" */;
			buildPhases = (
				7A3014FB1C765FCF0007E32A /* Sources */,
				7A3014FC1C765FCF0007E32A /* Frameworks */,
				7A3014FD1C765FCF0007E32A /* Resources */,
			);
			buildRules = (
			);
			dependencies = (
				7A3015011C765FCF0007E32A /* PBXTargetDependency */,
			);
			name = MusicVideoTests;
			productName = MusicVideoTests;
			productReference = 7A3014FF1C765FCF0007E32A /* MusicVideoTests.xctest */;
			productType = "com.apple.product-type.bundle.unit-test";
		};
		7A3015091C765FCF0007E32A /* MusicVideoUITests */ = {
			isa = PBXNativeTarget;
			buildConfigurationList = 7A3015191C765FCF0007E32A /* Build configuration list for PBXNativeTarget "MusicVideoUITests" */;
			buildPhases = (
				7A3015061C765FCF0007E32A /* Sources */,
				7A3015071C765FCF0007E32A /* Frameworks */,
				7A3015081C765FCF0007E32A /* Resources */,
			);
			buildRules = (
			);
			dependencies = (
				7A30150C1C765FCF0007E32A /* PBXTargetDependency */,
			);
			name = MusicVideoUITests;
			productName = MusicVideoUITests;
			productReference = 7A30150A1C765FCF0007E32A /* MusicVideoUITests.xctest */;
			productType = "com.apple.product-type.bundle.ui-testing";
		};
/* End PBXNativeTarget section */

/* Begin PBXProject section */
		7A3014E31C765FCF0007E32A /* Project object */ = {
			isa = PBXProject;
			attributes = {
				LastSwiftUpdateCheck = 0720;
				LastUpgradeCheck = 0720;
				ORGANIZATIONNAME = "Justin Lee";
				TargetAttributes = {
					7A3014EA1C765FCF0007E32A = {
						CreatedOnToolsVersion = 7.2.1;
					};
					7A3014FE1C765FCF0007E32A = {
						CreatedOnToolsVersion = 7.2.1;
						TestTargetID = 7A3014EA1C765FCF0007E32A;
					};
					7A3015091C765FCF0007E32A = {
						CreatedOnToolsVersion = 7.2.1;
						TestTargetID = 7A3014EA1C765FCF0007E32A;
					};
				};
			};
			buildConfigurationList = 7A3014E61C765FCF0007E32A /* Build configuration list for PBXProject "MusicVideo" */;
			compatibilityVersion = "Xcode 3.2";
			developmentRegion = English;
			hasScannedForEncodings = 0;
			knownRegions = (
				en,
				Base,
			);
			mainGroup = 7A3014E21C765FCF0007E32A;
			productRefGroup = 7A3014EC1C765FCF0007E32A /* Products */;
			projectDirPath = "";
			projectRoot = "";
			targets = (
				7A3014EA1C765FCF0007E32A /* MusicVideo */,
				7A3014FE1C765FCF0007E32A /* MusicVideoTests */,
				7A3015091C765FCF0007E32A /* MusicVideoUITests */,
			);
		};
/* End PBXProject section */

/* Begin PBXResourcesBuildPhase section */
		7A3014E91C765FCF0007E32A /* Resources */ = {
			isa = PBXResourcesBuildPhase;
			buildActionMask = 2147483647;
			files = (
				7A3014F91C765FCF0007E32A /* LaunchScreen.storyboard in Resources */,
				7A3014F61C765FCF0007E32A /* Assets.xcassets in Resources */,
				7A3014F41C765FCF0007E32A /* Main.storyboard in Resources */,
			);
			runOnlyForDeploymentPostprocessing = 0;
		};
		7A3014FD1C765FCF0007E32A /* Resources */ = {
			isa = PBXResourcesBuildPhase;
			buildActionMask = 2147483647;
			files = (
			);
			runOnlyForDeploymentPostprocessing = 0;
		};
		7A3015081C765FCF0007E32A /* Resources */ = {
			isa = PBXResourcesBuildPhase;
			buildActionMask = 2147483647;
			files = (
			);
			runOnlyForDeploymentPostprocessing = 0;
		};
/* End PBXResourcesBuildPhase section */

/* Begin PBXSourcesBuildPhase section */
		7A3014E71C765FCF0007E32A /* Sources */ = {
			isa = PBXSourcesBuildPhase;
			buildActionMask = 2147483647;
			files = (
				7A70B0A21C8777C60091CD8D /* APIManager.swift in Sources */,
				7A3014F11C765FCF0007E32A /* ViewController.swift in Sources */,
				7A551B961C87A13600F9BD1C /* MusicVideo.swift in Sources */,
				7A3014EF1C765FCF0007E32A /* AppDelegate.swift in Sources */,
				7A551B941C879F7800F9BD1C /* Constants.swift in Sources */,
			);
			runOnlyForDeploymentPostprocessing = 0;
		};
		7A3014FB1C765FCF0007E32A /* Sources */ = {
			isa = PBXSourcesBuildPhase;
			buildActionMask = 2147483647;
			files = (
				7A3015041C765FCF0007E32A /* MusicVideoTests.swift in Sources */,
			);
			runOnlyForDeploymentPostprocessing = 0;
		};
		7A3015061C765FCF0007E32A /* Sources */ = {
			isa = PBXSourcesBuildPhase;
			buildActionMask = 2147483647;
			files = (
				7A30150F1C765FCF0007E32A /* MusicVideoUITests.swift in Sources */,
			);
			runOnlyForDeploymentPostprocessing = 0;
		};
/* End PBXSourcesBuildPhase section */

/* Begin PBXTargetDependency section */
		7A3015011C765FCF0007E32A /* PBXTargetDependency */ = {
			isa = PBXTargetDependency;
			target = 7A3014EA1C765FCF0007E32A /* MusicVideo */;
			targetProxy = 7A3015001C765FCF0007E32A /* PBXContainerItemProxy */;
		};
		7A30150C1C765FCF0007E32A /* PBXTargetDependency */ = {
			isa = PBXTargetDependency;
			target = 7A3014EA1C765FCF0007E32A /* MusicVideo */;
			targetProxy = 7A30150B1C765FCF0007E32A /* PBXContainerItemProxy */;
		};
/* End PBXTargetDependency section */

/* Begin PBXVariantGroup section */
		7A3014F21C765FCF0007E32A /* Main.storyboard */ = {
			isa = PBXVariantGroup;
			children = (
				7A3014F31C765FCF0007E32A /* Base */,
			);
			name = Main.storyboard;
			sourceTree = "<group>";
		};
		7A3014F71C765FCF0007E32A /* LaunchScreen.storyboard */ = {
			isa = PBXVariantGroup;
			children = (
				7A3014F81C765FCF0007E32A /* Base */,
			);
			name = LaunchScreen.storyboard;
			sourceTree = "<group>";
		};
/* End PBXVariantGroup section */

/* Begin XCBuildConfiguration section */
		7A3015111C765FCF0007E32A /* Debug */ = {
			isa = XCBuildConfiguration;
			buildSettings = {
				ALWAYS_SEARCH_USER_PATHS = NO;
				CLANG_CXX_LANGUAGE_STANDARD = "gnu++0x";
				CLANG_CXX_LIBRARY = "libc++";
				CLANG_ENABLE_MODULES = YES;
				CLANG_ENABLE_OBJC_ARC = YES;
				CLANG_WARN_BOOL_CONVERSION = YES;
				CLANG_WARN_CONSTANT_CONVERSION = YES;
				CLANG_WARN_DIRECT_OBJC_ISA_USAGE = YES_ERROR;
				CLANG_WARN_EMPTY_BODY = YES;
				CLANG_WARN_ENUM_CONVERSION = YES;
				CLANG_WARN_INT_CONVERSION = YES;
				CLANG_WARN_OBJC_ROOT_CLASS = YES_ERROR;
				CLANG_WARN_UNREACHABLE_CODE = YES;
				CLANG_WARN__DUPLICATE_METHOD_MATCH = YES;
				"CODE_SIGN_IDENTITY[sdk=iphoneos*]" = "iPhone Developer";
				COPY_PHASE_STRIP = NO;
				DEBUG_INFORMATION_FORMAT = dwarf;
				ENABLE_STRICT_OBJC_MSGSEND = YES;
				ENABLE_TESTABILITY = YES;
				GCC_C_LANGUAGE_STANDARD = gnu99;
				GCC_DYNAMIC_NO_PIC = NO;
				GCC_NO_COMMON_BLOCKS = YES;
				GCC_OPTIMIZATION_LEVEL = 0;
				GCC_PREPROCESSOR_DEFINITIONS = (
					"DEBUG=1",
					"$(inherited)",
				);
				GCC_WARN_64_TO_32_BIT_CONVERSION = YES;
				GCC_WARN_ABOUT_RETURN_TYPE = YES_ERROR;
				GCC_WARN_UNDECLARED_SELECTOR = YES;
				GCC_WARN_UNINITIALIZED_AUTOS = YES_AGGRESSIVE;
				GCC_WARN_UNUSED_FUNCTION = YES;
				GCC_WARN_UNUSED_VARIABLE = YES;
				IPHONEOS_DEPLOYMENT_TARGET = 9.2;
				MTL_ENABLE_DEBUG_INFO = YES;
				ONLY_ACTIVE_ARCH = YES;
				SDKROOT = iphoneos;
				SWIFT_OPTIMIZATION_LEVEL = "-Onone";
				TARGETED_DEVICE_FAMILY = "1,2";
			};
			name = Debug;
		};
		7A3015121C765FCF0007E32A /* Release */ = {
			isa = XCBuildConfiguration;
			buildSettings = {
				ALWAYS_SEARCH_USER_PATHS = NO;
				CLANG_CXX_LANGUAGE_STANDARD = "gnu++0x";
				CLANG_CXX_LIBRARY = "libc++";
				CLANG_ENABLE_MODULES = YES;
				CLANG_ENABLE_OBJC_ARC = YES;
				CLANG_WARN_BOOL_CONVERSION = YES;
				CLANG_WARN_CONSTANT_CONVERSION = YES;
				CLANG_WARN_DIRECT_OBJC_ISA_USAGE = YES_ERROR;
				CLANG_WARN_EMPTY_BODY = YES;
				CLANG_WARN_ENUM_CONVERSION = YES;
				CLANG_WARN_INT_CONVERSION = YES;
				CLANG_WARN_OBJC_ROOT_CLASS = YES_ERROR;
				CLANG_WARN_UNREACHABLE_CODE = YES;
				CLANG_WARN__DUPLICATE_METHOD_MATCH = YES;
				"CODE_SIGN_IDENTITY[sdk=iphoneos*]" = "iPhone Developer";
				COPY_PHASE_STRIP = NO;
				DEBUG_INFORMATION_FORMAT = "dwarf-with-dsym";
				ENABLE_NS_ASSERTIONS = NO;
				ENABLE_STRICT_OBJC_MSGSEND = YES;
				GCC_C_LANGUAGE_STANDARD = gnu99;
				GCC_NO_COMMON_BLOCKS = YES;
				GCC_WARN_64_TO_32_BIT_CONVERSION = YES;
				GCC_WARN_ABOUT_RETURN_TYPE = YES_ERROR;
				GCC_WARN_UNDECLARED_SELECTOR = YES;
				GCC_WARN_UNINITIALIZED_AUTOS = YES_AGGRESSIVE;
				GCC_WARN_UNUSED_FUNCTION = YES;
				GCC_WARN_UNUSED_VARIABLE = YES;
				IPHONEOS_DEPLOYMENT_TARGET = 9.2;
				MTL_ENABLE_DEBUG_INFO = NO;
				SDKROOT = iphoneos;
				TARGETED_DEVICE_FAMILY = "1,2";
				VALIDATE_PRODUCT = YES;
			};
			name = Release;
		};
		7A3015141C765FCF0007E32A /* Debug */ = {
			isa = XCBuildConfiguration;
			buildSettings = {
				ASSETCATALOG_COMPILER_APPICON_NAME = AppIcon;
				INFOPLIST_FILE = MusicVideo/Info.plist;
				LD_RUNPATH_SEARCH_PATHS = "$(inherited) @executable_path/Frameworks";
				PRODUCT_BUNDLE_IDENTIFIER = com.jongwoolee.MusicVideo;
				PRODUCT_NAME = "$(TARGET_NAME)";
			};
			name = Debug;
		};
		7A3015151C765FCF0007E32A /* Release */ = {
			isa = XCBuildConfiguration;
			buildSettings = {
				ASSETCATALOG_COMPILER_APPICON_NAME = AppIcon;
				INFOPLIST_FILE = MusicVideo/Info.plist;
				LD_RUNPATH_SEARCH_PATHS = "$(inherited) @executable_path/Frameworks";
				PRODUCT_BUNDLE_IDENTIFIER = com.jongwoolee.MusicVideo;
				PRODUCT_NAME = "$(TARGET_NAME)";
			};
			name = Release;
		};
		7A3015171C765FCF0007E32A /* Debug */ = {
			isa = XCBuildConfiguration;
			buildSettings = {
				BUNDLE_LOADER = "$(TEST_HOST)";
				INFOPLIST_FILE = MusicVideoTests/Info.plist;
				LD_RUNPATH_SEARCH_PATHS = "$(inherited) @executable_path/Frameworks @loader_path/Frameworks";
				PRODUCT_BUNDLE_IDENTIFIER = com.jongwoolee.MusicVideoTests;
				PRODUCT_NAME = "$(TARGET_NAME)";
				TEST_HOST = "$(BUILT_PRODUCTS_DIR)/MusicVideo.app/MusicVideo";
			};
			name = Debug;
		};
		7A3015181C765FCF0007E32A /* Release */ = {
			isa = XCBuildConfiguration;
			buildSettings = {
				BUNDLE_LOADER = "$(TEST_HOST)";
				INFOPLIST_FILE = MusicVideoTests/Info.plist;
				LD_RUNPATH_SEARCH_PATHS = "$(inherited) @executable_path/Frameworks @loader_path/Frameworks";
				PRODUCT_BUNDLE_IDENTIFIER = com.jongwoolee.MusicVideoTests;
				PRODUCT_NAME = "$(TARGET_NAME)";
				TEST_HOST = "$(BUILT_PRODUCTS_DIR)/MusicVideo.app/MusicVideo";
			};
			name = Release;
		};
		7A30151A1C765FCF0007E32A /* Debug */ = {
			isa = XCBuildConfiguration;
			buildSettings = {
				INFOPLIST_FILE = MusicVideoUITests/Info.plist;
				LD_RUNPATH_SEARCH_PATHS = "$(inherited) @executable_path/Frameworks @loader_path/Frameworks";
				PRODUCT_BUNDLE_IDENTIFIER = com.jongwoolee.MusicVideoUITests;
				PRODUCT_NAME = "$(TARGET_NAME)";
				TEST_TARGET_NAME = MusicVideo;
				USES_XCTRUNNER = YES;
			};
			name = Debug;
		};
		7A30151B1C765FCF0007E32A /* Release */ = {
			isa = XCBuildConfiguration;
			buildSettings = {
				INFOPLIST_FILE = MusicVideoUITests/Info.plist;
				LD_RUNPATH_SEARCH_PATHS = "$(inherited) @executable_path/Frameworks @loader_path/Frameworks";
				PRODUCT_BUNDLE_IDENTIFIER = com.jongwoolee.MusicVideoUITests;
				PRODUCT_NAME = "$(TARGET_NAME)";
				TEST_TARGET_NAME = MusicVideo;
				USES_XCTRUNNER = YES;
			};
			name = Release;
		};
/* End XCBuildConfiguration section */

/* Begin XCConfigurationList section */
		7A3014E61C765FCF0007E32A /* Build configuration list for PBXProject "MusicVideo" */ = {
			isa = XCConfigurationList;
			buildConfigurations = (
				7A3015111C765FCF0007E32A /* Debug */,
				7A3015121C765FCF0007E32A /* Release */,
			);
			defaultConfigurationIsVisible = 0;
			defaultConfigurationName = Release;
		};
		7A3015131C765FCF0007E32A /* Build configuration list for PBXNativeTarget "MusicVideo" */ = {
			isa = XCConfigurationList;
			buildConfigurations = (
				7A3015141C765FCF0007E32A /* Debug */,
				7A3015151C765FCF0007E32A /* Release */,
			);
			defaultConfigurationIsVisible = 0;
			defaultConfigurationName = Release;
		};
		7A3015161C765FCF0007E32A /* Build configuration list for PBXNativeTarget "MusicVideoTests" */ = {
			isa = XCConfigurationList;
			buildConfigurations = (
				7A3015171C765FCF0007E32A /* Debug */,
				7A3015181C765FCF0007E32A /* Release */,
			);
			defaultConfigurationIsVisible = 0;
			defaultConfigurationName = Release;
		};
		7A3015191C765FCF0007E32A /* Build configuration list for PBXNativeTarget "MusicVideoUITests" */ = {
			isa = XCConfigurationList;
			buildConfigurations = (
				7A30151A1C765FCF0007E32A /* Debug */,
				7A30151B1C765FCF0007E32A /* Release */,
			);
			defaultConfigurationIsVisible = 0;
			defaultConfigurationName = Release;
		};
/* End XCConfigurationList section */
	};
	rootObject = 7A3014E31C765FCF0007E32A /* Project object */;
}
